{
  "requires": true,
  "lockfileVersion": 1,
  "dependencies": {
    "@angular/common": {
      "version": "2.4.10",
      "resolved": "https://registry.npmjs.org/@angular/common/-/common-2.4.10.tgz",
      "integrity": "sha1-o6aC0iKPow7CPdDrV8joh/uiaZc="
    },
    "@angular/compiler": {
      "version": "2.4.10",
      "resolved": "https://registry.npmjs.org/@angular/compiler/-/compiler-2.4.10.tgz",
      "integrity": "sha1-9R/TSCCyoCx8th+89JhzxYBW+ww="
    },
    "@angular/core": {
      "version": "2.4.10",
      "resolved": "https://registry.npmjs.org/@angular/core/-/core-2.4.10.tgz",
      "integrity": "sha1-C4MgplBlll2ZhkWx9c0892m0Qeo="
    },
    "@angular/forms": {
      "version": "2.4.10",
      "resolved": "https://registry.npmjs.org/@angular/forms/-/forms-2.4.10.tgz",
      "integrity": "sha1-BiEzqq3h87PJYvFZMgjFQbYi/QY="
    },
    "@angular/http": {
      "version": "2.4.10",
      "resolved": "https://registry.npmjs.org/@angular/http/-/http-2.4.10.tgz",
      "integrity": "sha1-/2vq3ls5yYnr8jk8SbNO69Q+lVU="
    },
    "@angular/material": {
      "version": "9.2.2",
      "resolved": "https://registry.npmjs.org/@angular/material/-/material-9.2.2.tgz",
      "integrity": "sha512-gdQiMJ6PtW/5fd+0mglHFyzxULDCBGjn9RTET3sUq2rkc9+jBXr4OvnsUyBWSnqqv97XqotVDIx5JgE4/YX/Rw=="
    },
    "@angular/platform-browser": {
      "version": "2.4.10",
      "resolved": "https://registry.npmjs.org/@angular/platform-browser/-/platform-browser-2.4.10.tgz",
      "integrity": "sha1-y/JWCBSPtP/vlsxQBbpdez4JOQY="
    },
    "@angular/platform-browser-dynamic": {
      "version": "2.4.10",
      "resolved": "https://registry.npmjs.org/@angular/platform-browser-dynamic/-/platform-browser-dynamic-2.4.10.tgz",
      "integrity": "sha1-jfJd7CsGrcaQzJvCZEjezK682Ow="
    },
    "@angular/router": {
      "version": "3.4.10",
      "resolved": "https://registry.npmjs.org/@angular/router/-/router-3.4.10.tgz",
      "integrity": "sha1-pGagkY/CiC7OGMoSvVrqKYBQ6R4="
    },
    "angular-mat-datepicker": {
      "version": "0.0.2",
      "resolved": "https://registry.npmjs.org/angular-mat-datepicker/-/angular-mat-datepicker-0.0.2.tgz",
      "integrity": "sha512-3rmrVkwY5GiY5IS6RAmknEqMO7EevZ3fZN4KkKc8R6IH5JGP7YNdaA5DruOAQVD89Ox0aHC7culm4cR4/bDVLA==",
      "requires": {
        "moment": "^2.17.1",
        "rxjs": "5.0.0-beta.12"
      }
    },
    "angular-material-datepicker": {
      "version": "1.0.2",
      "resolved": "https://registry.npmjs.org/angular-material-datepicker/-/angular-material-datepicker-1.0.2.tgz",
      "integrity": "sha1-ESkvkHWMya+FXD53TU2EQ/1/gtQ=",
      "requires": {
        "@angular/common": "^2.3.1",
        "@angular/compiler": "^2.3.1",
        "@angular/core": "^2.3.1",
        "@angular/forms": "^2.3.1",
        "@angular/http": "^2.3.1",
        "@angular/material": "^2.0.0-beta.1",
        "@angular/platform-browser": "^2.3.1",
        "@angular/platform-browser-dynamic": "^2.3.1",
        "@angular/router": "^3.3.1",
        "core-js": "^2.4.1",
        "rxjs": "^5.0.1",
        "ts-helpers": "^1.1.1",
        "zone.js": "^0.7.2"
      },
      "dependencies": {
        "@angular/material": {
          "version": "2.0.0-beta.12",
          "resolved": "https://registry.npmjs.org/@angular/material/-/material-2.0.0-beta.12.tgz",
          "integrity": "sha1-cbbQt7AhiR5dDjaIwdS9eMdFf1g=",
          "requires": {
            "tslib": "^1.7.1"
          }
        },
        "rxjs": {
          "version": "5.5.12",
          "resolved": "https://registry.npmjs.org/rxjs/-/rxjs-5.5.12.tgz",
          "integrity": "sha512-xx2itnL5sBbqeeiVgNPVuQQ1nC8Jp2WfNJhXWHmElW9YmrpS9UVnNzhP3EH3HFqexO5Tlp8GhYY+WEcqcVMvGw==",
          "requires": {
            "symbol-observable": "1.0.1"
          }
        },
        "symbol-observable": {
          "version": "1.0.1",
          "resolved": "https://registry.npmjs.org/symbol-observable/-/symbol-observable-1.0.1.tgz",
          "integrity": "sha1-g0D8RwLDEi310iKI+IKD9RPT/dQ="
        }
      }
    },
    "core-js": {
      "version": "2.6.11",
      "resolved": "https://registry.npmjs.org/core-js/-/core-js-2.6.11.tgz",
      "integrity": "sha512-5wjnpaT/3dV+XB4borEsnAYQchn00XSgTAWKDkEqv+K8KevjbzmofK6hfJ9TZIlpj2N0xQpazy7PiRQiWHqzWg=="
    },
    "moment": {
      "version": "2.25.1",
      "resolved": "https://registry.npmjs.org/moment/-/moment-2.25.1.tgz",
      "integrity": "sha512-nRKMf9wDS4Fkyd0C9LXh2FFXinD+iwbJ5p/lh3CHitW9kZbRbJ8hCruiadiIXZVbeAqKZzqcTvHnK3mRhFjb6w=="
    },
    "rxjs": {
      "version": "5.0.0-beta.12",
      "resolved": "https://registry.npmjs.org/rxjs/-/rxjs-5.0.0-beta.12.tgz",
      "integrity": "sha1-zf3i2MRjnSCud5S/+P3fMtp60zc=",
      "requires": {
        "symbol-observable": "^1.0.1"
      }
    },
    "symbol-observable": {
      "version": "1.2.0",
      "resolved": "https://registry.npmjs.org/symbol-observable/-/symbol-observable-1.2.0.tgz",
      "integrity": "sha512-e900nM8RRtGhlV36KGEU9k65K3mPb1WV70OdjfxlG2EAuM1noi/E/BaW/uMhL7bPEssK8QV57vN3esixjUvcXQ=="
    },
    "ts-helpers": {
      "version": "1.1.2",
      "resolved": "https://registry.npmjs.org/ts-helpers/-/ts-helpers-1.1.2.tgz",
      "integrity": "sha1-/Gm+nx87rtAfsaDvjUz+dIgU2DU="
    },
    "tslib": {
      "version": "1.11.1",
      "resolved": "https://registry.npmjs.org/tslib/-/tslib-1.11.1.tgz",
      "integrity": "sha512-aZW88SY8kQbU7gpV19lN24LtXh/yD4ZZg6qieAJDDg+YBsJcSmLGK9QpnUjAKVG/xefmvJGd1WUmfpT/g6AJGA=="
    },
    "zone.js": {
      "version": "0.7.8",
      "resolved": "https://registry.npmjs.org/zone.js/-/zone.js-0.7.8.tgz",
      "integrity": "sha1-Tz/og01EWX8mOQU6D6Q43zT//e0="
    }
  }
}
